{
  "nodes": {
    "dwm": {
      "inputs": {
        "nixpkgs": [
          "nixpkgs"
        ]
      },
      "locked": {
        "lastModified": 1791427363,
        "narHash": "sha256-sMy1TeszFmjXKddhGY0SZU3vY+hXVgCmasImM4tQz3A=",
        "ref": "master",
        "rev": "a8b4ffc08551c81ef3176774646fa64bb50e3cba",
        "revCount": 1811,
        "type": "git",
        "url": "ssh://git@github.com/JIAnnLee22/dwm.git"
      },
      "original": {
        "ref": "master",
        "type": "git",
        "url": "ssh://git@github.com/JIAnnLee22/dwm.git"
      }
    },
    "flake-parts": {
      "inputs": {
        "nixpkgs-lib": "nixpkgs-lib"
      },
      "locked": {
        "lastModified": 1782949081,
        "narHash": "sha256-vp6Y/Grm98ESt6ceOkWiHWyZRDV3J1RID4w+6NWK9yA=",
        "owner": "hercules-ci",
        "repo": "flake-parts",
        "rev": "17c9d6cdfc60c64f4ee8d306f9bc0b4ccb51481e",
        "type": "github"
      },
      "original": {
        "owner": "hercules-ci",
        "repo": "flake-parts",
        "type": "github"
      }
    },
    "flake-utils": {
      "inputs": {
        "systems": [
          "mango",
          "scenefx",
          "systems"
        ]
      },
      "locked": {
        "lastModified": 1731533236,
        "narHash": "sha256-l0KFg5HjrsfsO/JpG+r7fRrqm12kzFHyUHqHCVpMMbI=",
        "owner": "numtide",
        "repo": "flake-utils",
        "rev": "11707dc2f618dd54ca8739b309ec4fc024de578b",
        "type": "github"
      },
      "original": {
        "owner": "numtide",
        "repo": "flake-utils",
        "type": "github"
      }
    },
    "home-manager": {
      "inputs": {
        "nixpkgs": [
          "nixpkgs"
        ]
      },
      "locked": {
        "lastModified": 1789915421,
        "narHash": "sha256-sLY2PSiu5EGJXgTDAQjHKzzezdpPk0lre9MD2VLpqew=",
        "ref": "master",
        "rev": "1944398834e2b9677ee6081e11e42c32d7c1eb5d",
        "shallow": true,
        "type": "git",
        "url": "https://github.com/nix-community/home-manager.git"
      },
      "original": {
        "ref": "master",
        "shallow": true,
        "type": "git",
        "url": "https://github.com/nix-community/home-manager.git"
      }
    },
    "kotlin_lsp": {
      "inputs": {
        "nixpkgs": [
          "nixpkgs"
        ]
      },
      "locked": {
        "lastModified": 1787824126,
        "narHash": "sha256-GvmODfpOfwSyrj+DXh+HUx7rXedHl45TsyHonIwYN7I=",
        "ref": "refs/heads/master",
        "rev": "e79ae6631962b8abed8d02b4059ddb6e32b2903b",
        "revCount": 1,
        "type": "git",
        "url": "https://github.com/JIAnnLee22/kotlin_lsp.flake.git"
      },
      "original": {
        "type": "git",
        "url": "https://github.com/JIAnnLee22/kotlin_lsp.flake.git"
      }
    },
    "mango": {
      "inputs": {
        "flake-parts": "flake-parts",
        "nixpkgs": [
          "nixpkgs"
        ],
        "scenefx": "scenefx"
      },
      "locked": {
        "lastModified": 1791512476,
        "narHash": "sha256-gRe1QxNkNZ0mriIuQqS5RDCnuXNroHcNY0fJiLwGVmc=",
        "ref": "refs/tags/0.18.0",
        "rev": "a21b10fcbe6156b76ea96178d1941de5cb36137f",
        "shallow": true,
        "type": "git",
        "url": "https://github.com/mangowm/mango.git"
      },
      "original": {
        "ref": "refs/tags/0.18.0",
        "shallow": true,
        "type": "git",
        "url": "https://github.com/mangowm/mango.git"
      }
    },
    "mangobar": {
      "inputs": {
        "nixpkgs": [
          "nixpkgs"
        ]
      },
      "locked": {
        "lastModified": 1789539144,
        "narHash": "sha256-ot38vZg59h24Cv1OYRzF9ktEr115wm+5umCAycsNShA=",
        "ref": "refs/tags/0.2.2",
        "rev": "84f25a77706c31b49b865d08bc5429ca61115971",
        "shallow": true,
        "type": "git",
        "url": "https://github.com/mangowm/mangobar.git"
      },
      "original": {
        "ref": "refs/tags/0.2.2",
        "shallow": true,
        "type": "git",
        "url": "https://github.com/mangowm/mangobar.git"
      }
    },
    "nixpkgs": {
      "locked": {
        "lastModified": 1789785513,
        "narHash": "sha256-B44WL6h0XoLjJ41bUPJk0X5SDinLCII//6EcBLXKiJ0=",
        "ref": "nixos-unstable",
        "rev": "20b1ddd1aa5ace70c9468305030aa4f9ef79671b",
        "shallow": true,
        "type": "git",
        "url": "https://github.com/NixOS/nixpkgs.git"
      },
      "original": {
        "ref": "nixos-unstable",
        "shallow": true,
        "type": "git",
        "url": "https://github.com/NixOS/nixpkgs.git"
      }
    },
    "nixpkgs-darwin-x64": {
      "locked": {
        "lastModified": 1788334797,
        "narHash": "sha256-nskSa8kDimM7F0VFSP8IdoSNo4G0vKzOtxwvOFpoGDI=",
        "owner": "NixOS",
        "repo": "nixpkgs",
        "rev": "c19db427a1fdfc7591c0b0baeb4665dcef2c61da",
        "type": "github"
      },
      "original": {
        "owner": "NixOS",
        "ref": "nixpkgs-26.05-darwin",
        "repo": "nixpkgs",
        "type": "github"
      }
    },
    "nixpkgs-lib": {
      "locked": {
        "lastModified": 1782614948,
        "narHash": "sha256-ePjCwr1sNm9NYUqywL7QfK3JnlS015msC+eBu2zKlp8=",
        "owner": "nix-community",
        "repo": "nixpkgs.lib",
        "rev": "db3f255737b94216eb71cce308e2912cf6bc2d7c",
        "type": "github"
      },
      "original": {
        "owner": "nix-community",
        "repo": "nixpkgs.lib",
        "type": "github"
      }
    },
    "nixpkgs_2": {
      "locked": {
        "lastModified": 1789546076,
        "narHash": "sha256-zVxLZiSnmaaPLwnhj7pwmqe3axBg/C6nG5JZsJMh2g4=",
        "owner": "NixOS",
        "repo": "nixpkgs",
        "rev": "b1b875982b17dabde9b4a37f3e229e74913e6db3",
        "type": "github"
      },
      "original": {
        "owner": "NixOS",
        "ref": "nixos-unstable",
        "repo": "nixpkgs",
        "type": "github"
      }
    },
    "nixpkgs_3": {
      "locked": {
        "lastModified": 1789426278,
        "narHash": "sha256-GnotcvKtbTMnoVx6G4E7ZdUX6487Dky74dqq3pU7iRk=",
        "owner": "NixOS",
        "repo": "nixpkgs",
        "rev": "efe6f071ede9d21c37462d2d6682d5e670099684",
        "type": "github"
      },
      "original": {
        "owner": "NixOS",
        "ref": "nixos-unstable",
        "repo": "nixpkgs",
        "type": "github"
      }
    },
    "pi": {
      "inputs": {
        "nixpkgs": [
          "nixpkgs"
        ],
        "nixpkgs-darwin-x64": "nixpkgs-darwin-x64"
      },
      "locked": {
        "lastModified": 1791408813,
        "narHash": "sha256-9R6Do6RAnNKQPYCfJY1dPIuYf55331f0QwH25dWg6eA=",
        "ref": "refs/tags/v1.1.0",
        "rev": "abe508e1b89912adde45528136c3221eb69acdd7",
        "shallow": true,
        "type": "git",
        "url": "https://github.com/earendil-works/pi.git"
      },
      "original": {
        "ref": "refs/tags/v1.1.0",
        "shallow": true,
        "type": "git",
        "url": "https://github.com/earendil-works/pi.git"
      }
    },
    "qq": {
      "inputs": {
        "nixpkgs": "nixpkgs_2"
      },
      "locked": {
        "lastModified": 1789722693,
        "narHash": "sha256-ypuKLFotpikXfnO6LspTRaJsoDXba/VDCD7XzqT355A=",
        "ref": "refs/tags/v3.2.33-52892",
        "rev": "422bb2f312b21d52a4dc6bcd92b0f2425c91da2d",
        "revCount": 2,
        "type": "git",
        "url": "ssh://git@github.com/JIAnnLee22/qq-nix.git"
      },
      "original": {
        "ref": "refs/tags/v3.2.33-52892",
        "type": "git",
        "url": "ssh://git@github.com/JIAnnLee22/qq-nix.git"
      }
    },
    "root": {
      "inputs": {
        "dwm": "dwm",
        "home-manager": "home-manager",
        "kotlin_lsp": "kotlin_lsp",
        "mango": "mango",
        "mangobar": "mangobar",
        "nixpkgs": "nixpkgs",
        "pi": "pi",
        "qq": "qq",
        "wechat": "wechat"
      }
    },
    "scenefx": {
      "inputs": {
        "flake-utils": "flake-utils",
        "nixpkgs": [
          "mango",
          "nixpkgs"
        ],
        "systems": "systems"
      },
      "locked": {
        "lastModified": 1782624992,
        "narHash": "sha256-vUjLG6eubEhJJVa9LPygIcVmNoHwYbSUTJcWEcbxnU4=",
        "owner": "wlrfx",
        "repo": "scenefx",
        "rev": "37ccd723bef49e6891156ffafce8f549f01446cc",
        "type": "github"
      },
      "original": {
        "owner": "wlrfx",
        "repo": "scenefx",
        "type": "github"
      }
    },
    "systems": {
      "locked": {
        "lastModified": 1689347949,
        "narHash": "sha256-12tWmuL2zgBgZkdoB6qXZsgJEH9LR3oUgpaQq2RbI80=",
        "owner": "nix-systems",
        "repo": "default-linux",
        "rev": "31732fcf5e8fea42e59c2488ad31a0e651500f68",
        "type": "github"
      },
      "original": {
        "owner": "nix-systems",
        "repo": "default-linux",
        "type": "github"
      }
    },
    "wechat": {
      "inputs": {
        "nixpkgs": "nixpkgs_3"
      },
      "locked": {
        "lastModified": 1789615210,
        "narHash": "sha256-P+bo4WfVagbDmygPPVe36LV+paRRW6GrQUz7dYb5qZw=",
        "ref": "refs/tags/v4.1.13.9",
        "rev": "b03c46b118396b412f50ca9d23f1ff7dabe465ca",
        "revCount": 6,
        "type": "git",
        "url": "ssh://git@github.com/JIAnnLee22/wechat-nix.git"
      },
      "original": {
        "ref": "refs/tags/v4.1.13.9",
        "type": "git",
        "url": "ssh://git@github.com/JIAnnLee22/wechat-nix.git"
      }
    }
  },
  "root": "root",
  "version": 7
}
